// !$*UTF8*$!
{
	archiveVersion = 1;
	classes = {
	};
	objectVersion = 51;
	objects = {

/* Begin PBXBuildFile section */
		06C595E7B712B03AC1E2CA5F /* Pods_flixterTests.framework in Frameworks */ = {isa = PBXBuildFile; fileRef = 79093883728FEAEB35A34D2D /* Pods_flixterTests.framework */; };
		2F0E7A24303B2AD01BD88CCA /* Pods_flixter.framework in Frameworks */ = {isa = PBXBuildFile; fileRef = EB6D7F46A4CA235D376D1ADE /* Pods_flixter.framework */; };
		A85483AED426ACEA309D1EA5 /* Pods_flixter_flixterUITests.framework in Frameworks */ = {isa = PBXBuildFile; fileRef = 0D03F7F923B7879613F23BC1 /* Pods_flixter_flixterUITests.framework */; };
		E946C2C725E33AD400E690A6 /* AppDelegate.swift in Sources */ = {isa = PBXBuildFile; fileRef = E946C2C625E33AD400E690A6 /* AppDelegate.swift */; };
		E946C2C925E33AD400E690A6 /* SceneDelegate.swift in Sources */ = {isa = PBXBuildFile; fileRef = E946C2C825E33AD400E690A6 /* SceneDelegate.swift */; };
		E946C2CB25E33AD400E690A6 /* MoviesViewController.swift in Sources */ = {isa = PBXBuildFile; fileRef = E946C2CA25E33AD400E690A6 /* MoviesViewController.swift */; };
		E946C2CE25E33AD400E690A6 /* Main.storyboard in Resources */ = {isa = PBXBuildFile; fileRef = E946C2CC25E33AD400E690A6 /* Main.storyboard */; };
		E946C2D025E33AD600E690A6 /* Assets.xcassets in Resources */ = {isa = PBXBuildFile; fileRef = E946C2CF25E33AD600E690A6 /* Assets.xcassets */; };
		E946C2D325E33AD600E690A6 /* LaunchScreen.storyboard in Resources */ = {isa = PBXBuildFile; fileRef = E946C2D125E33AD600E690A6 /* LaunchScreen.storyboard */; };
		E946C2DE25E33AD700E690A6 /* flixterTests.swift in Sources */ = {isa = PBXBuildFile; fileRef = E946C2DD25E33AD700E690A6 /* flixterTests.swift */; };
		E946C2E925E33AD700E690A6 /* flixterUITests.swift in Sources */ = {isa = PBXBuildFile; fileRef = E946C2E825E33AD700E690A6 /* flixterUITests.swift */; };
		E946C30225E37D4300E690A6 /* MovieCell.swift in Sources */ = {isa = PBXBuildFile; fileRef = E946C30125E37D4300E690A6 /* MovieCell.swift */; };
		E97591B325E8B9BA00E408AD /* MovieGridViewController.swift in Sources */ = {isa = PBXBuildFile; fileRef = E97591B225E8B9BA00E408AD /* MovieGridViewController.swift */; };
		E97591B825E8C11F00E408AD /* MovieGridCell.swift in Sources */ = {isa = PBXBuildFile; fileRef = E97591B725E8C11F00E408AD /* MovieGridCell.swift */; };
		E99ACEE025E8A98C001352DA /* MovieDetailsViewController.swift in Sources */ = {isa = PBXBuildFile; fileRef = E99ACEDF25E8A98C001352DA /* MovieDetailsViewController.swift */; };
/* End PBXBuildFile section */

/* Begin PBXContainerItemProxy section */
		E946C2DA25E33AD600E690A6 /* PBXContainerItemProxy */ = {
			isa = PBXContainerItemProxy;
			containerPortal = E946C2BB25E33AD300E690A6 /* Project object */;
			proxyType = 1;
			remoteGlobalIDString = E946C2C225E33AD400E690A6;
			remoteInfo = flixter;
		};
		E946C2E525E33AD700E690A6 /* PBXContainerItemProxy */ = {
			isa = PBXContainerItemProxy;
			containerPortal = E946C2BB25E33AD300E690A6 /* Project object */;
			proxyType = 1;
			remoteGlobalIDString = E946C2C225E33AD400E690A6;
			remoteInfo = flixter;
		};
/* End PBXContainerItemProxy section */

/* Begin PBXFileReference section */
		0D03F7F923B7879613F23BC1 /* Pods_flixter_flixterUITests.framework */ = {isa = PBXFileReference; explicitFileType = wrapper.framework; includeInIndex = 0; path = Pods_flixter_flixterUITests.framework; sourceTree = BUILT_PRODUCTS_DIR; };
		0ED79871AB6C45F77F5C565B /* Pods-flixter.release.xcconfig */ = {isa = PBXFileReference; includeInIndex = 1; lastKnownFileType = text.xcconfig; name = "Pods-flixter.release.xcconfig"; path = "Target Support Files/Pods-flixter/Pods-flixter.release.xcconfig"; sourceTree = "<group>"; };
		51F510B9F1814E53957EA890 /* Pods-flixter.debug.xcconfig */ = {isa = PBXFileReference; includeInIndex = 1; lastKnownFileType = text.xcconfig; name = "Pods-flixter.debug.xcconfig"; path = "Target Support Files/Pods-flixter/Pods-flixter.debug.xcconfig"; sourceTree = "<group>"; };
		79093883728FEAEB35A34D2D /* Pods_flixterTests.framework */ = {isa = PBXFileReference; explicitFileType = wrapper.framework; includeInIndex = 0; path = Pods_flixterTests.framework; sourceTree = BUILT_PRODUCTS_DIR; };
		C06189DC458FA4F6A6A19C7D /* Pods-flixterTests.release.xcconfig */ = {isa = PBXFileReference; includeInIndex = 1; lastKnownFileType = text.xcconfig; name = "Pods-flixterTests.release.xcconfig"; path = "Target Support Files/Pods-flixterTests/Pods-flixterTests.release.xcconfig"; sourceTree = "<group>"; };
		CE7F0A75F94AAF208C51C945 /* Pods-flixterTests.debug.xcconfig */ = {isa = PBXFileReference; includeInIndex = 1; lastKnownFileType = text.xcconfig; name = "Pods-flixterTests.debug.xcconfig"; path = "Target Support Files/Pods-flixterTests/Pods-flixterTests.debug.xcconfig"; sourceTree = "<group>"; };
		DC05C3B29E2D45954C610D6E /* Pods-flixter-flixterUITests.debug.xcconfig */ = {isa = PBXFileReference; includeInIndex = 1; lastKnownFileType = text.xcconfig; name = "Pods-flixter-flixterUITests.debug.xcconfig"; path = "Target Support Files/Pods-flixter-flixterUITests/Pods-flixter-flixterUITests.debug.xcconfig"; sourceTree = "<group>"; };
		E946C2C325E33AD400E690A6 /* flixter.app */ = {isa = PBXFileReference; explicitFileType = wrapper.application; includeInIndex = 0; path = flixter.app; sourceTree = BUILT_PRODUCTS_DIR; };
		E946C2C625E33AD400E690A6 /* AppDelegate.swift */ = {isa = PBXFileReference; lastKnownFileType = sourcecode.swift; path = AppDelegate.swift; sourceTree = "<group>"; };
		E946C2C825E33AD400E690A6 /* SceneDelegate.swift */ = {isa = PBXFileReference; lastKnownFileType = sourcecode.swift; path = SceneDelegate.swift; sourceTree = "<group>"; };
		E946C2CA25E33AD400E690A6 /* MoviesViewController.swift */ = {isa = PBXFileReference; lastKnownFileType = sourcecode.swift; path = MoviesViewController.swift; sourceTree = "<group>"; };
		E946C2CD25E33AD400E690A6 /* Base */ = {isa = PBXFileReference; lastKnownFileType = file.storyboard; name = Base; path = Base.lproj/Main.storyboard; sourceTree = "<group>"; };
		E946C2CF25E33AD600E690A6 /* Assets.xcassets */ = {isa = PBXFileReference; lastKnownFileType = folder.assetcatalog; path = Assets.xcassets; sourceTree = "<group>"; };
		E946C2D225E33AD600E690A6 /* Base */ = {isa = PBXFileReference; lastKnownFileType = file.storyboard; name = Base; path = Base.lproj/LaunchScreen.storyboard; sourceTree = "<group>"; };
		E946C2D425E33AD600E690A6 /* Info.plist */ = {isa = PBXFileReference; lastKnownFileType = text.plist.xml; path = Info.plist; sourceTree = "<group>"; };
		E946C2D925E33AD600E690A6 /* flixterTests.xctest */ = {isa = PBXFileReference; explicitFileType = wrapper.cfbundle; includeInIndex = 0; path = flixterTests.xctest; sourceTree = BUILT_PRODUCTS_DIR; };
		E946C2DD25E33AD700E690A6 /* flixterTests.swift */ = {isa = PBXFileReference; lastKnownFileType = sourcecode.swift; path = flixterTests.swift; sourceTree = "<group>"; };
		E946C2DF25E33AD700E690A6 /* Info.plist */ = {isa = PBXFileReference; lastKnownFileType = text.plist.xml; path = Info.plist; sourceTree = "<group>"; };
		E946C2E425E33AD700E690A6 /* flixterUITests.xctest */ = {isa = PBXFileReference; explicitFileType = wrapper.cfbundle; includeInIndex = 0; path = flixterUITests.xctest; sourceTree = BUILT_PRODUCTS_DIR; };
		E946C2E825E33AD700E690A6 /* flixterUITests.swift */ = {isa = PBXFileReference; lastKnownFileType = sourcecode.swift; path = flixterUITests.swift; sourceTree = "<group>"; };
		E946C2EA25E33AD700E690A6 /* Info.plist */ = {isa = PBXFileReference; lastKnownFileType = text.plist.xml; path = Info.plist; sourceTree = "<group>"; };
		E946C30125E37D4300E690A6 /* MovieCell.swift */ = {isa = PBXFileReference; lastKnownFileType = sourcecode.swift; path = MovieCell.swift; sourceTree = "<group>"; };
		E97591B225E8B9BA00E408AD /* MovieGridViewController.swift */ = {isa = PBXFileReference; lastKnownFileType = sourcecode.swift; path = MovieGridViewController.swift; sourceTree = "<group>"; };
		E97591B725E8C11F00E408AD /* MovieGridCell.swift */ = {isa = PBXFileReference; lastKnownFileType = sourcecode.swift; path = MovieGridCell.swift; sourceTree = "<group>"; };
		E99ACEDF25E8A98C001352DA /* MovieDetailsViewController.swift */ = {isa = PBXFileReference; lastKnownFileType = sourcecode.swift; path = MovieDetailsViewController.swift; sourceTree = "<group>"; };
		EB6D7F46A4CA235D376D1ADE /* Pods_flixter.framework */ = {isa = PBXFileReference; explicitFileType = wrapper.framework; includeInIndex = 0; path = Pods_flixter.framework; sourceTree = BUILT_PRODUCTS_DIR; };
		F57A6A2F837BE466241B6CC1 /* Pods-flixter-flixterUITests.release.xcconfig */ = {isa = PBXFileReference; includeInIndex = 1; lastKnownFileType = text.xcconfig; name = "Pods-flixter-flixterUITests.release.xcconfig"; path = "Target Support Files/Pods-flixter-flixterUITests/Pods-flixter-flixterUITests.release.xcconfig"; sourceTree = "<group>"; };
/* End PBXFileReference section */

/* Begin PBXFrameworksBuildPhase section */
		E946C2C025E33AD400E690A6 /* Frameworks */ = {
			isa = PBXFrameworksBuildPhase;
			buildActionMask = 2147483647;
			files = (
				2F0E7A24303B2AD01BD88CCA /* Pods_flixter.framework in Frameworks */,
			);
			runOnlyForDeploymentPostprocessing = 0;
		};
		E946C2D625E33AD600E690A6 /* Frameworks */ = {
			isa = PBXFrameworksBuildPhase;
			buildActionMask = 2147483647;
			files = (
				06C595E7B712B03AC1E2CA5F /* Pods_flixterTests.framework in Frameworks */,
			);
			runOnlyForDeploymentPostprocessing = 0;
		};
		E946C2E125E33AD700E690A6 /* Frameworks */ = {
			isa = PBXFrameworksBuildPhase;
			buildActionMask = 2147483647;
			files = (
				A85483AED426ACEA309D1EA5 /* Pods_flixter_flixterUITests.framework in Frameworks */,
			);
			runOnlyForDeploymentPostprocessing = 0;
		};
/* End PBXFrameworksBuildPhase section */

/* Begin PBXGroup section */
		51A1E7EF4CA209A4089E4DF2 /* Pods */ = {
			isa = PBXGroup;
			children = (
				51F510B9F1814E53957EA890 /* Pods-flixter.debug.xcconfig */,
				0ED79871AB6C45F77F5C565B /* Pods-flixter.release.xcconfig */,
				DC05C3B29E2D45954C610D6E /* Pods-flixter-flixterUITests.debug.xcconfig */,
				F57A6A2F837BE466241B6CC1 /* Pods-flixter-flixterUITests.release.xcconfig */,
				CE7F0A75F94AAF208C51C945 /* Pods-flixterTests.debug.xcconfig */,
				C06189DC458FA4F6A6A19C7D /* Pods-flixterTests.release.xcconfig */,
			);
			path = Pods;
			sourceTree = "<group>";
		};
		AA7B5D48E476FD5BE13B5348 /* Frameworks */ = {
			isa = PBXGroup;
			children = (
				EB6D7F46A4CA235D376D1ADE /* Pods_flixter.framework */,
				0D03F7F923B7879613F23BC1 /* Pods_flixter_flixterUITests.framework */,
				79093883728FEAEB35A34D2D /* Pods_flixterTests.framework */,
			);
			name = Frameworks;
			sourceTree = "<group>";
		};
		E946C2BA25E33AD300E690A6 = {
			isa = PBXGroup;
			children = (
				E946C2C525E33AD400E690A6 /* flixter */,
				E946C2DC25E33AD700E690A6 /* flixterTests */,
				E946C2E725E33AD700E690A6 /* flixterUITests */,
				E946C2C425E33AD400E690A6 /* Products */,
				51A1E7EF4CA209A4089E4DF2 /* Pods */,
				AA7B5D48E476FD5BE13B5348 /* Frameworks */,
			);
			sourceTree = "<group>";
		};
		E946C2C425E33AD400E690A6 /* Products */ = {
			isa = PBXGroup;
			children = (
				E946C2C325E33AD400E690A6 /* flixter.app */,
				E946C2D925E33AD600E690A6 /* flixterTests.xctest */,
				E946C2E425E33AD700E690A6 /* flixterUITests.xctest */,
			);
			name = Products;
			sourceTree = "<group>";
		};
		E946C2C525E33AD400E690A6 /* flixter */ = {
			isa = PBXGroup;
			children = (
				E946C2C625E33AD400E690A6 /* AppDelegate.swift */,
				E946C2C825E33AD400E690A6 /* SceneDelegate.swift */,
				E946C2CA25E33AD400E690A6 /* MoviesViewController.swift */,
				E946C2CC25E33AD400E690A6 /* Main.storyboard */,
				E99ACEDF25E8A98C001352DA /* MovieDetailsViewController.swift */,
				E946C30125E37D4300E690A6 /* MovieCell.swift */,
				E946C2CF25E33AD600E690A6 /* Assets.xcassets */,
				E946C2D125E33AD600E690A6 /* LaunchScreen.storyboard */,
				E946C2D425E33AD600E690A6 /* Info.plist */,
				E97591B225E8B9BA00E408AD /* MovieGridViewController.swift */,
				E97591B725E8C11F00E408AD /* MovieGridCell.swift */,
			);
			path = flixter;
			sourceTree = "<group>";
		};
		E946C2DC25E33AD700E690A6 /* flixterTests */ = {
			isa = PBXGroup;
			children = (
				E946C2DD25E33AD700E690A6 /* flixterTests.swift */,
				E946C2DF25E33AD700E690A6 /* Info.plist */,
			);
			path = flixterTests;
			sourceTree = "<group>";
		};
		E946C2E725E33AD700E690A6 /* flixterUITests */ = {
			isa = PBXGroup;
			children = (
				E946C2E825E33AD700E690A6 /* flixterUITests.swift */,
				E946C2EA25E33AD700E690A6 /* Info.plist */,
			);
			path = flixterUITests;
			sourceTree = "<group>";
		};
/* End PBXGroup section */

/* Begin PBXNativeTarget section */
		E946C2C225E33AD400E690A6 /* flixter */ = {
			isa = PBXNativeTarget;
			buildConfigurationList = E946C2ED25E33AD700E690A6 /* Build configuration list for PBXNativeTarget "flixter" */;
			buildPhases = (
				991C182547E5B07D969CB42B /* [CP] Check Pods Manifest.lock */,
				E946C2BF25E33AD400E690A6 /* Sources */,
				E946C2C025E33AD400E690A6 /* Frameworks */,
				E946C2C125E33AD400E690A6 /* Resources */,
				C3F83E260827144A4893AF41 /* [CP] Embed Pods Frameworks */,
			);
			buildRules = (
			);
			dependencies = (
			);
			name = flixter;
			productName = flixter;
			productReference = E946C2C325E33AD400E690A6 /* flixter.app */;
			productType = "com.apple.product-type.application";
		};
		E946C2D825E33AD600E690A6 /* flixterTests */ = {
			isa = PBXNativeTarget;
			buildConfigurationList = E946C2F025E33AD700E690A6 /* Build configuration list for PBXNativeTarget "flixterTests" */;
			buildPhases = (
				777A677E56C24191BF2ABD9D /* [CP] Check Pods Manifest.lock */,
				E946C2D525E33AD600E690A6 /* Sources */,
				E946C2D625E33AD600E690A6 /* Frameworks */,
				E946C2D725E33AD600E690A6 /* Resources */,
			);
			buildRules = (
			);
			dependencies = (
				E946C2DB25E33AD600E690A6 /* PBXTargetDependency */,
			);
			name = flixterTests;
			productName = flixterTests;
			productReference = E946C2D925E33AD600E690A6 /* flixterTests.xctest */;
			productType = "com.apple.product-type.bundle.unit-test";
		};
		E946C2E325E33AD700E690A6 /* flixterUITests */ = {
			isa = PBXNativeTarget;
			buildConfigurationList = E946C2F325E33AD700E690A6 /* Build configuration list for PBXNativeTarget "flixterUITests" */;
			buildPhases = (
				019737D5FBE3A7CA8E337D4A /* [CP] Check Pods Manifest.lock */,
				E946C2E025E33AD700E690A6 /* Sources */,
				E946C2E125E33AD700E690A6 /* Frameworks */,
				E946C2E225E33AD700E690A6 /* Resources */,
				646EEAC189FBDE6EEBD2F2FB /* [CP] Embed Pods Frameworks */,
			);
			buildRules = (
			);
			dependencies = (
				E946C2E625E33AD700E690A6 /* PBXTargetDependency */,
			);
			name = flixterUITests;
			productName = flixterUITests;
			productReference = E946C2E425E33AD700E690A6 /* flixterUITests.xctest */;
			productType = "com.apple.product-type.bundle.ui-testing";
		};
/* End PBXNativeTarget section */

/* Begin PBXProject section */
		E946C2BB25E33AD300E690A6 /* Project object */ = {
			isa = PBXProject;
			attributes = {
				LastSwiftUpdateCheck = 1240;
				LastUpgradeCheck = 1240;
				TargetAttributes = {
					E946C2C225E33AD400E690A6 = {
						CreatedOnToolsVersion = 12.4;
					};
					E946C2D825E33AD600E690A6 = {
						CreatedOnToolsVersion = 12.4;
						TestTargetID = E946C2C225E33AD400E690A6;
					};
					E946C2E325E33AD700E690A6 = {
						CreatedOnToolsVersion = 12.4;
						TestTargetID = E946C2C225E33AD400E690A6;
					};
				};
			};
			buildConfigurationList = E946C2BE25E33AD300E690A6 /* Build configuration list for PBXProject "flixter" */;
			compatibilityVersion = "Xcode 9.3";
			developmentRegion = en;
			hasScannedForEncodings = 0;
			knownRegions = (
				en,
				Base,
			);
			mainGroup = E946C2BA25E33AD300E690A6;
			productRefGroup = E946C2C425E33AD400E690A6 /* Products */;
			projectDirPath = "";
			projectRoot = "";
			targets = (
				E946C2C225E33AD400E690A6 /* flixter */,
				E946C2D825E33AD600E690A6 /* flixterTests */,
				E946C2E325E33AD700E690A6 /* flixterUITests */,
			);
		};
/* End PBXProject section */

/* Begin PBXResourcesBuildPhase section */
		E946C2C125E33AD400E690A6 /* Resources */ = {
			isa = PBXResourcesBuildPhase;
			buildActionMask = 2147483647;
			files = (
				E946C2D325E33AD600E690A6 /* LaunchScreen.storyboard in Resources */,
				E946C2D025E33AD600E690A6 /* Assets.xcassets in Resources */,
				E946C2CE25E33AD400E690A6 /* Main.storyboard in Resources */,
			);
			runOnlyForDeploymentPostprocessing = 0;
		};
		E946C2D725E33AD600E690A6 /* Resources */ = {
			isa = PBXResourcesBuildPhase;
			buildActionMask = 2147483647;
			files = (
			);
			runOnlyForDeploymentPostprocessing = 0;
		};
		E946C2E225E33AD700E690A6 /* Resources */ = {
			isa = PBXResourcesBuildPhase;
			buildActionMask = 2147483647;
			files = (
			);
			runOnlyForDeploymentPostprocessing = 0;
		};
/* End PBXResourcesBuildPhase section */

/* Begin PBXShellScriptBuildPhase section */
		019737D5FBE3A7CA8E337D4A /* [CP] Check Pods Manifest.lock */ = {
			isa = PBXShellScriptBuildPhase;
			buildActionMask = 2147483647;
			files = (
			);
			inputFileListPaths = (
			);
			inputPaths = (
				"${PODS_PODFILE_DIR_PATH}/Podfile.lock",
				"${PODS_ROOT}/Manifest.lock",
			);
			name = "[CP] Check Pods Manifest.lock";
			outputFileListPaths = (
			);
			outputPaths = (
				"$(DERIVED_FILE_DIR)/Pods-flixter-flixterUITests-checkManifestLockResult.txt",
			);
			runOnlyForDeploymentPostprocessing = 0;
			shellPath = /bin/sh;
			shellScript = "diff \"${PODS_PODFILE_DIR_PATH}/Podfile.lock\" \"${PODS_ROOT}/Manifest.lock\" > /dev/null\nif [ $? != 0 ] ; then\n    # print error to STDERR\n    echo \"error: The sandbox is not in sync with the Podfile.lock. Run 'pod install' or update your CocoaPods installation.\" >&2\n    exit 1\nfi\n# This output is used by Xcode 'outputs' to avoid re-running this script phase.\necho \"SUCCESS\" > \"${SCRIPT_OUTPUT_FILE_0}\"\n";
			showEnvVarsInLog = 0;
		};
		646EEAC189FBDE6EEBD2F2FB /* [CP] Embed Pods Frameworks */ = {
			isa = PBXShellScriptBuildPhase;
			buildActionMask = 2147483647;
			files = (
			);
			inputFileListPaths = (
				"${PODS_ROOT}/Target Support Files/Pods-flixter-flixterUITests/Pods-flixter-flixterUITests-frameworks-${CONFIGURATION}-input-files.xcfilelist",
			);
			name = "[CP] Embed Pods Frameworks";
			outputFileListPaths = (
				"${PODS_ROOT}/Target Support Files/Pods-flixter-flixterUITests/Pods-flixter-flixterUITests-frameworks-${CONFIGURATION}-output-files.xcfilelist",
			);
			runOnlyForDeploymentPostprocessing = 0;
			shellPath = /bin/sh;
			shellScript = "\"${PODS_ROOT}/Target Support Files/Pods-flixter-flixterUITests/Pods-flixter-flixterUITests-frameworks.sh\"\n";
			showEnvVarsInLog = 0;
		};
		777A677E56C24191BF2ABD9D /* [CP] Check Pods Manifest.lock */ = {
			isa = PBXShellScriptBuildPhase;
			buildActionMask = 2147483647;
			files = (
			);
			inputFileListPaths = (
			);
			inputPaths = (
				"${PODS_PODFILE_DIR_PATH}/Podfile.lock",
				"${PODS_ROOT}/Manifest.lock",
			);
			name = "[CP] Check Pods Manifest.lock";
			outputFileListPaths = (
			);
			outputPaths = (
				"$(DERIVED_FILE_DIR)/Pods-flixterTests-checkManifestLockResult.txt",
			);
			runOnlyForDeploymentPostprocessing = 0;
			shellPath = /bin/sh;
			shellScript = "diff \"${PODS_PODFILE_DIR_PATH}/Podfile.lock\" \"${PODS_ROOT}/Manifest.lock\" > /dev/null\nif [ $? != 0 ] ; then\n    # print error to STDERR\n    echo \"error: The sandbox is not in sync with the Podfile.lock. Run 'pod install' or update your CocoaPods installation.\" >&2\n    exit 1\nfi\n# This output is used by Xcode 'outputs' to avoid re-running this script phase.\necho \"SUCCESS\" > \"${SCRIPT_OUTPUT_FILE_0}\"\n";
			showEnvVarsInLog = 0;
		};
		991C182547E5B07D969CB42B /* [CP] Check Pods Manifest.lock */ = {
			isa = PBXShellScriptBuildPhase;
			buildActionMask = 2147483647;
			files = (
			);
			inputFileListPaths = (
			);
			inputPaths = (
				"${PODS_PODFILE_DIR_PATH}/Podfile.lock",
				"${PODS_ROOT}/Manifest.lock",
			);
			name = "[CP] Check Pods Manifest.lock";
			outputFileListPaths = (
			);
			outputPaths = (
				"$(DERIVED_FILE_DIR)/Pods-flixter-checkManifestLockResult.txt",
			);
			runOnlyForDeploymentPostprocessing = 0;
			shellPath = /bin/sh;
			shellScript = "diff \"${PODS_PODFILE_DIR_PATH}/Podfile.lock\" \"${PODS_ROOT}/Manifest.lock\" > /dev/null\nif [ $? != 0 ] ; then\n    # print error to STDERR\n    echo \"error: The sandbox is not in sync with the Podfile.lock. Run 'pod install' or update your CocoaPods installation.\" >&2\n    exit 1\nfi\n# This output is used by Xcode 'outputs' to avoid re-running this script phase.\necho \"SUCCESS\" > \"${SCRIPT_OUTPUT_FILE_0}\"\n";
			showEnvVarsInLog = 0;
		};
		C3F83E260827144A4893AF41 /* [CP] Embed Pods Frameworks */ = {
			isa = PBXShellScriptBuildPhase;
			buildActionMask = 2147483647;
			files = (
			);
			inputFileListPaths = (
				"${PODS_ROOT}/Target Support Files/Pods-flixter/Pods-flixter-frameworks-${CONFIGURATION}-input-files.xcfilelist",
			);
			name = "[CP] Embed Pods Frameworks";
			outputFileListPaths = (
				"${PODS_ROOT}/Target Support Files/Pods-flixter/Pods-flixter-frameworks-${CONFIGURATION}-output-files.xcfilelist",
			);
			runOnlyForDeploymentPostprocessing = 0;
			shellPath = /bin/sh;
			shellScript = "\"${PODS_ROOT}/Target Support Files/Pods-flixter/Pods-flixter-frameworks.sh\"\n";
			showEnvVarsInLog = 0;
		};
/* End PBXShellScriptBuildPhase section */

/* Begin PBXSourcesBuildPhase section */
		E946C2BF25E33AD400E690A6 /* Sources */ = {
			isa = PBXSourcesBuildPhase;
			buildActionMask = 2147483647;
			files = (
				E97591B825E8C11F00E408AD /* MovieGridCell.swift in Sources */,
				E99ACEE025E8A98C001352DA /* MovieDetailsViewController.swift in Sources */,
				E946C2CB25E33AD400E690A6 /* MoviesViewController.swift in Sources */,
				E946C2C725E33AD400E690A6 /* AppDelegate.swift in Sources */,
				E946C30225E37D4300E690A6 /* MovieCell.swift in Sources */,
				E946C2C925E33AD400E690A6 /* SceneDelegate.swift in Sources */,
				E97591B325E8B9BA00E408AD /* MovieGridViewController.swift in Sources */,
			);
			runOnlyForDeploymentPostprocessing = 0;
		};
		E946C2D525E33AD600E690A6 /* Sources */ = {
			isa = PBXSourcesBuildPhase;
			buildActionMask = 2147483647;
			files = (
				E946C2DE25E33AD700E690A6 /* flixterTests.swift in Sources */,
			);
			runOnlyForDeploymentPostprocessing = 0;
		};
		E946C2E025E33AD700E690A6 /* Sources */ = {
			isa = PBXSourcesBuildPhase;
			buildActionMask = 2147483647;
			files = (
				E946C2E925E33AD700E690A6 /* flixterUITests.swift in Sources */,
			);
			runOnlyForDeploymentPostprocessing = 0;
		};
/* End PBXSourcesBuildPhase section */

/* Begin PBXTargetDependency section */
		E946C2DB25E33AD600E690A6 /* PBXTargetDependency */ = {
			isa = PBXTargetDependency;
			target = E946C2C225E33AD400E690A6 /* flixter */;
			targetProxy = E946C2DA25E33AD600E690A6 /* PBXContainerItemProxy */;
		};
		E946C2E625E33AD700E690A6 /* PBXTargetDependency */ = {
			isa = PBXTargetDependency;
			target = E946C2C225E33AD400E690A6 /* flixter */;
			targetProxy = E946C2E525E33AD700E690A6 /* PBXContainerItemProxy */;
		};
/* End PBXTargetDependency section */

/* Begin PBXVariantGroup section */
		E946C2CC25E33AD400E690A6 /* Main.storyboard */ = {
			isa = PBXVariantGroup;
			children = (
				E946C2CD25E33AD400E690A6 /* Base */,
			);
			name = Main.storyboard;
			sourceTree = "<group>";
		};
		E946C2D125E33AD600E690A6 /* LaunchScreen.storyboard */ = {
			isa = PBXVariantGroup;
			children = (
				E946C2D225E33AD600E690A6 /* Base */,
			);
			name = LaunchScreen.storyboard;
			sourceTree = "<group>";
		};
/* End PBXVariantGroup section */

/* Begin XCBuildConfiguration section */
		E946C2EB25E33AD700E690A6 /* Debug */ = {
			isa = XCBuildConfiguration;
			buildSettings = {
				ALWAYS_SEARCH_USER_PATHS = NO;
				CLANG_ANALYZER_NONNULL = YES;
				CLANG_ANALYZER_NUMBER_OBJECT_CONVERSION = YES_AGGRESSIVE;
				CLANG_CXX_LANGUAGE_STANDARD = "gnu++14";
				CLANG_CXX_LIBRARY = "libc++";
				CLANG_ENABLE_MODULES = YES;
				CLANG_ENABLE_OBJC_ARC = YES;
				CLANG_ENABLE_OBJC_WEAK = YES;
				CLANG_WARN_BLOCK_CAPTURE_AUTORELEASING = YES;
				CLANG_WARN_BOOL_CONVERSION = YES;
				CLANG_WARN_COMMA = YES;
				CLANG_WARN_CONSTANT_CONVERSION = YES;
				CLANG_WARN_DEPRECATED_OBJC_IMPLEMENTATIONS = YES;
				CLANG_WARN_DIRECT_OBJC_ISA_USAGE = YES_ERROR;
				CLANG_WARN_DOCUMENTATION_COMMENTS = YES;
				CLANG_WARN_EMPTY_BODY = YES;
				CLANG_WARN_ENUM_CONVERSION = YES;
				CLANG_WARN_INFINITE_RECURSION = YES;
				CLANG_WARN_INT_CONVERSION = YES;
				CLANG_WARN_NON_LITERAL_NULL_CONVERSION = YES;
				CLANG_WARN_OBJC_IMPLICIT_RETAIN_SELF = YES;
				CLANG_WARN_OBJC_LITERAL_CONVERSION = YES;
				CLANG_WARN_OBJC_ROOT_CLASS = YES_ERROR;
				CLANG_WARN_QUOTED_INCLUDE_IN_FRAMEWORK_HEADER = YES;
				CLANG_WARN_RANGE_LOOP_ANALYSIS = YES;
				CLANG_WARN_STRICT_PROTOTYPES = YES;
				CLANG_WARN_SUSPICIOUS_MOVE = YES;
				CLANG_WARN_UNGUARDED_AVAILABILITY = YES_AGGRESSIVE;
				CLANG_WARN_UNREACHABLE_CODE = YES;
				CLANG_WARN__DUPLICATE_METHOD_MATCH = YES;
				COPY_PHASE_STRIP = NO;
				DEBUG_INFORMATION_FORMAT = dwarf;
				ENABLE_STRICT_OBJC_MSGSEND = YES;
				ENABLE_TESTABILITY = YES;
				GCC_C_LANGUAGE_STANDARD = gnu11;
				GCC_DYNAMIC_NO_PIC = NO;
				GCC_NO_COMMON_BLOCKS = YES;
				GCC_OPTIMIZATION_LEVEL = 0;
				GCC_PREPROCESSOR_DEFINITIONS = (
					"DEBUG=1",
					"$(inherited)",
				);
				GCC_WARN_64_TO_32_BIT_CONVERSION = YES;
				GCC_WARN_ABOUT_RETURN_TYPE = YES_ERROR;
				GCC_WARN_UNDECLARED_SELECTOR = YES;
				GCC_WARN_UNINITIALIZED_AUTOS = YES_AGGRESSIVE;
				GCC_WARN_UNUSED_FUNCTION = YES;
				GCC_WARN_UNUSED_VARIABLE = YES;
				IPHONEOS_DEPLOYMENT_TARGET = 14.4;
				MTL_ENABLE_DEBUG_INFO = INCLUDE_SOURCE;
				MTL_FAST_MATH = YES;
				ONLY_ACTIVE_ARCH = YES;
				SDKROOT = iphoneos;
				SWIFT_ACTIVE_COMPILATION_CONDITIONS = DEBUG;
				SWIFT_OPTIMIZATION_LEVEL = "-Onone";
			};
			name = Debug;
		};
		E946C2EC25E33AD700E690A6 /* Release */ = {
			isa = XCBuildConfiguration;
			buildSettings = {
				ALWAYS_SEARCH_USER_PATHS = NO;
				CLANG_ANALYZER_NONNULL = YES;
				CLANG_ANALYZER_NUMBER_OBJECT_CONVERSION = YES_AGGRESSIVE;
				CLANG_CXX_LANGUAGE_STANDARD = "gnu++14";
				CLANG_CXX_LIBRARY = "libc++";
				CLANG_ENABLE_MODULES = YES;
				CLANG_ENABLE_OBJC_ARC = YES;
				CLANG_ENABLE_OBJC_WEAK = YES;
				CLANG_WARN_BLOCK_CAPTURE_AUTORELEASING = YES;
				CLANG_WARN_BOOL_CONVERSION = YES;
				CLANG_WARN_COMMA = YES;
				CLANG_WARN_CONSTANT_CONVERSION = YES;
				CLANG_WARN_DEPRECATED_OBJC_IMPLEMENTATIONS = YES;
				CLANG_WARN_DIRECT_OBJC_ISA_USAGE = YES_ERROR;
				CLANG_WARN_DOCUMENTATION_COMMENTS = YES;
				CLANG_WARN_EMPTY_BODY = YES;
				CLANG_WARN_ENUM_CONVERSION = YES;
				CLANG_WARN_INFINITE_RECURSION = YES;
				CLANG_WARN_INT_CONVERSION = YES;
				CLANG_WARN_NON_LITERAL_NULL_CONVERSION = YES;
				CLANG_WARN_OBJC_IMPLICIT_RETAIN_SELF = YES;
				CLANG_WARN_OBJC_LITERAL_CONVERSION = YES;
				CLANG_WARN_OBJC_ROOT_CLASS = YES_ERROR;
				CLANG_WARN_QUOTED_INCLUDE_IN_FRAMEWORK_HEADER = YES;
				CLANG_WARN_RANGE_LOOP_ANALYSIS = YES;
				CLANG_WARN_STRICT_PROTOTYPES = YES;
				CLANG_WARN_SUSPICIOUS_MOVE = YES;
				CLANG_WARN_UNGUARDED_AVAILABILITY = YES_AGGRESSIVE;
				CLANG_WARN_UNREACHABLE_CODE = YES;
				CLANG_WARN__DUPLICATE_METHOD_MATCH = YES;
				COPY_PHASE_STRIP = NO;
				DEBUG_INFORMATION_FORMAT = "dwarf-with-dsym";
				ENABLE_NS_ASSERTIONS = NO;
				ENABLE_STRICT_OBJC_MSGSEND = YES;
				GCC_C_LANGUAGE_STANDARD = gnu11;
				GCC_NO_COMMON_BLOCKS = YES;
				GCC_WARN_64_TO_32_BIT_CONVERSION = YES;
				GCC_WARN_ABOUT_RETURN_TYPE = YES_ERROR;
				GCC_WARN_UNDECLARED_SELECTOR = YES;
				GCC_WARN_UNINITIALIZED_AUTOS = YES_AGGRESSIVE;
				GCC_WARN_UNUSED_FUNCTION = YES;
				GCC_WARN_UNUSED_VARIABLE = YES;
				IPHONEOS_DEPLOYMENT_TARGET = 14.4;
				MTL_ENABLE_DEBUG_INFO = NO;
				MTL_FAST_MATH = YES;
				SDKROOT = iphoneos;
				SWIFT_COMPILATION_MODE = wholemodule;
				SWIFT_OPTIMIZATION_LEVEL = "-O";
				VALIDATE_PRODUCT = YES;
			};
			name = Release;
		};
		E946C2EE25E33AD700E690A6 /* Debug */ = {
			isa = XCBuildConfiguration;
			baseConfigurationReference = 51F510B9F1814E53957EA890 /* Pods-flixter.debug.xcconfig */;
			buildSettings = {
				ASSETCATALOG_COMPILER_APPICON_NAME = AppIcon;
				ASSETCATALOG_COMPILER_GLOBAL_ACCENT_COLOR_NAME = AccentColor;
				CODE_SIGN_STYLE = Automatic;
				INFOPLIST_FILE = flixter/Info.plist;
				LD_RUNPATH_SEARCH_PATHS = (
					"$(inherited)",
					"@executable_path/Frameworks",
				);
				PRODUCT_BUNDLE_IDENTIFIER = com.codepath.flixter;
				PRODUCT_NAME = "$(TARGET_NAME)";
				SWIFT_VERSION = 5.0;
				TARGETED_DEVICE_FAMILY = "1,2";
			};
			name = Debug;
		};
		E946C2EF25E33AD700E690A6 /* Release */ = {
			isa = XCBuildConfiguration;
			baseConfigurationReference = 0ED79871AB6C45F77F5C565B /* Pods-flixter.release.xcconfig */;
			buildSettings = {
				ASSETCATALOG_COMPILER_APPICON_NAME = AppIcon;
				ASSETCATALOG_COMPILER_GLOBAL_ACCENT_COLOR_NAME = AccentColor;
				CODE_SIGN_STYLE = Automatic;
				INFOPLIST_FILE = flixter/Info.plist;
				LD_RUNPATH_SEARCH_PATHS = (
					"$(inherited)",
					"@executable_path/Frameworks",
				);
				PRODUCT_BUNDLE_IDENTIFIER = com.codepath.flixter;
				PRODUCT_NAME = "$(TARGET_NAME)";
				SWIFT_VERSION = 5.0;
				TARGETED_DEVICE_FAMILY = "1,2";
			};
			name = Release;
		};
		E946C2F125E33AD700E690A6 /* Debug */ = {
			isa = XCBuildConfiguration;
			baseConfigurationReference = CE7F0A75F94AAF208C51C945 /* Pods-flixterTests.debug.xcconfig */;
			buildSettings = {
				ALWAYS_EMBED_SWIFT_STANDARD_LIBRARIES = YES;
				BUNDLE_LOADER = "$(TEST_HOST)";
				CODE_SIGN_STYLE = Automatic;
				INFOPLIST_FILE = flixterTests/Info.plist;
				IPHONEOS_DEPLOYMENT_TARGET = 14.4;
				LD_RUNPATH_SEARCH_PATHS = (
					"$(inherited)",
					"@executable_path/Frameworks",
					"@loader_path/Frameworks",
				);
				PRODUCT_BUNDLE_IDENTIFIER = com.codepath.flixterTests;
				PRODUCT_NAME = "$(TARGET_NAME)";
				SWIFT_VERSION = 5.0;
				TARGETED_DEVICE_FAMILY = "1,2";
				TEST_HOST = "$(BUILT_PRODUCTS_DIR)/flixter.app/flixter";
			};
			name = Debug;
		};
		E946C2F225E33AD700E690A6 /* Release */ = {
			isa = XCBuildConfiguration;
			baseConfigurationReference = C06189DC458FA4F6A6A19C7D /* Pods-flixterTests.release.xcconfig */;
			buildSettings = {
				ALWAYS_EMBED_SWIFT_STANDARD_LIBRARIES = YES;
				BUNDLE_LOADER = "$(TEST_HOST)";
				CODE_SIGN_STYLE = Automatic;
				INFOPLIST_FILE = flixterTests/Info.plist;
				IPHONEOS_DEPLOYMENT_TARGET = 14.4;
				LD_RUNPATH_SEARCH_PATHS = (
					"$(inherited)",
					"@executable_path/Frameworks",
					"@loader_path/Frameworks",
				);
				PRODUCT_BUNDLE_IDENTIFIER = com.codepath.flixterTests;
				PRODUCT_NAME = "$(TARGET_NAME)";
				SWIFT_VERSION = 5.0;
				TARGETED_DEVICE_FAMILY = "1,2";
				TEST_HOST = "$(BUILT_PRODUCTS_DIR)/flixter.app/flixter";
			};
			name = Release;
		};
		E946C2F425E33AD700E690A6 /* Debug */ = {
			isa = XCBuildConfiguration;
			baseConfigurationReference = DC05C3B29E2D45954C610D6E /* Pods-flixter-flixterUITests.debug.xcconfig */;
			buildSettings = {
				ALWAYS_EMBED_SWIFT_STANDARD_LIBRARIES = YES;
				CODE_SIGN_STYLE = Automatic;
				INFOPLIST_FILE = flixterUITests/Info.plist;
				LD_RUNPATH_SEARCH_PATHS = (
					"$(inherited)",
					"@executable_path/Frameworks",
					"@loader_path/Frameworks",
				);
				PRODUCT_BUNDLE_IDENTIFIER = com.codepath.flixterUITests;
				PRODUCT_NAME = "$(TARGET_NAME)";
				SWIFT_VERSION = 5.0;
				TARGETED_DEVICE_FAMILY = "1,2";
				TEST_TARGET_NAME = flixter;
			};
			name = Debug;
		};
		E946C2F525E33AD700E690A6 /* Release */ = {
			isa = XCBuildConfiguration;
			baseConfigurationReference = F57A6A2F837BE466241B6CC1 /* Pods-flixter-flixterUITests.release.xcconfig */;
			buildSettings = {
				ALWAYS_EMBED_SWIFT_STANDARD_LIBRARIES = YES;
				CODE_SIGN_STYLE = Automatic;
				INFOPLIST_FILE = flixterUITests/Info.plist;
				LD_RUNPATH_SEARCH_PATHS = (
					"$(inherited)",
					"@executable_path/Frameworks",
					"@loader_path/Frameworks",
				);
				PRODUCT_BUNDLE_IDENTIFIER = com.codepath.flixterUITests;
				PRODUCT_NAME = "$(TARGET_NAME)";
				SWIFT_VERSION = 5.0;
				TARGETED_DEVICE_FAMILY = "1,2";
				TEST_TARGET_NAME = flixter;
			};
			name = Release;
		};
/* End XCBuildConfiguration section */

/* Begin XCConfigurationList section */
		E946C2BE25E33AD300E690A6 /* Build configuration list for PBXProject "flixter" */ = {
			isa = XCConfigurationList;
			buildConfigurations = (
				E946C2EB25E33AD700E690A6 /* Debug */,
				E946C2EC25E33AD700E690A6 /* Release */,
			);
			defaultConfigurationIsVisible = 0;
			defaultConfigurationName = Release;
		};
		E946C2ED25E33AD700E690A6 /* Build configuration list for PBXNativeTarget "flixter" */ = {
			isa = XCConfigurationList;
			buildConfigurations = (
				E946C2EE25E33AD700E690A6 /* Debug */,
				E946C2EF25E33AD700E690A6 /* Release */,
			);
			defaultConfigurationIsVisible = 0;
			defaultConfigurationName = Release;
		};
		E946C2F025E33AD700E690A6 /* Build configuration list for PBXNativeTarget "flixterTests" */ = {
			isa = XCConfigurationList;
			buildConfigurations = (
				E946C2F125E33AD700E690A6 /* Debug */,
				E946C2F225E33AD700E690A6 /* Release */,
			);
			defaultConfigurationIsVisible = 0;
			defaultConfigurationName = Release;
		};
		E946C2F325E33AD700E690A6 /* Build configuration list for PBXNativeTarget "flixterUITests" */ = {
			isa = XCConfigurationList;
			buildConfigurations = (
				E946C2F425E33AD700E690A6 /* Debug */,
				E946C2F525E33AD700E690A6 /* Release */,
			);
			defaultConfigurationIsVisible = 0;
			defaultConfigurationName = Release;
		};
/* End XCConfigurationList section */
	};
	rootObject = E946C2BB25E33AD300E690A6 /* Project object */;
}
